{
  "nodes": {
    "ci-agent": {
      "inputs": {
        "flake-compat": "flake-compat",
        "nix-darwin": [
          "darwin"
        ],
        "nixos-20_09": [
          "nixos"
        ],
        "nixos-unstable": [
          "latest"
        ],
        "pre-commit-hooks-nix": "pre-commit-hooks-nix"
      },
      "locked": {
        "lastModified": 1620750556,
        "narHash": "sha256-J+z8oduu9u1FZ8spSowrgyAmtnBUIUDImqfQCZ58heo=",
        "owner": "hercules-ci",
        "repo": "hercules-ci-agent",
        "rev": "f62ce85aed4c4a7fca9e5da2b00340bbcdc92f88",
        "type": "github"
      },
      "original": {
        "owner": "hercules-ci",
        "repo": "hercules-ci-agent",
        "type": "github"
      }
    },
    "darwin": {
      "inputs": {
        "nixpkgs": [
          "latest"
        ]
      },
      "locked": {
        "lastModified": 1622060422,
        "narHash": "sha256-hPVlvrAyf6zL7tTx0lpK+tMxEfZeMiIZ/A2xaJ41WOY=",
        "owner": "LnL7",
        "repo": "nix-darwin",
        "rev": "007d700e644ac588ad6668e6439950a5b6e2ff64",
        "type": "github"
      },
      "original": {
        "owner": "LnL7",
        "repo": "nix-darwin",
        "type": "github"
      }
    },
    "deploy": {
      "inputs": {
        "flake-compat": "flake-compat_2",
        "naersk": "naersk",
        "nixpkgs": "nixpkgs",
        "utils": "utils"
      },
      "locked": {
        "lastModified": 1616406726,
        "narHash": "sha256-n9zmgxR03QNrvs9/fHewqE0j3SjL7Y+cglBCFu3U3rg=",
        "owner": "serokell",
        "repo": "deploy-rs",
        "rev": "9e405fbc5ab5bacbd271fd78c6b6b6877c4d9f8d",
        "type": "github"
      },
      "original": {
        "owner": "serokell",
        "repo": "deploy-rs",
        "type": "github"
      }
    },
    "devshell": {
      "locked": {
        "lastModified": 1622013274,
        "narHash": "sha256-mK/Lv0lCbl07dI5s7tR/7nb79HunKnJik3KyR6yeI2k=",
        "owner": "numtide",
        "repo": "devshell",
        "rev": "e7faf69e6bf8546517cc936c7f6d31c7eb3abcb2",
        "type": "github"
      },
      "original": {
        "owner": "numtide",
        "repo": "devshell",
        "type": "github"
      }
    },
    "digga": {
      "inputs": {
        "deploy": "deploy",
        "devshell": "devshell",
        "nixlib": "nixlib",
        "nixpkgs": "nixpkgs_2",
        "utils": "utils_2"
      },
      "locked": {
        "lastModified": 1623197477,
        "narHash": "sha256-2Qk/uIHb1nXre2rRlGonAJmpuamBs7RRfgXhMmS5JkU=",
        "owner": "divnix",
        "repo": "digga",
        "rev": "f69703abc33f221b676966a8435c4f09ef70ff49",
        "type": "github"
      },
      "original": {
        "owner": "divnix",
        "repo": "digga",
        "type": "github"
      }
    },
    "flake-compat": {
      "flake": false,
      "locked": {
        "lastModified": 1606424373,
        "narHash": "sha256-oq8d4//CJOrVj+EcOaSXvMebvuTkmBJuT5tzlfewUnQ=",
        "owner": "edolstra",
        "repo": "flake-compat",
        "rev": "99f1c2157fba4bfe6211a321fd0ee43199025dbf",
        "type": "github"
      },
      "original": {
        "owner": "edolstra",
        "repo": "flake-compat",
        "type": "github"
      }
    },
    "flake-compat_2": {
      "flake": false,
      "locked": {
        "lastModified": 1606424373,
        "narHash": "sha256-oq8d4//CJOrVj+EcOaSXvMebvuTkmBJuT5tzlfewUnQ=",
        "owner": "edolstra",
        "repo": "flake-compat",
        "rev": "99f1c2157fba4bfe6211a321fd0ee43199025dbf",
        "type": "github"
      },
      "original": {
        "owner": "edolstra",
        "repo": "flake-compat",
        "type": "github"
      }
    },
    "flake-utils": {
      "locked": {
        "lastModified": 1620759905,
        "narHash": "sha256-WiyWawrgmyN0EdmiHyG2V+fqReiVi8bM9cRdMaKQOFg=",
        "owner": "numtide",
        "repo": "flake-utils",
        "rev": "b543720b25df6ffdfcf9227afafc5b8c1fabfae8",
        "type": "github"
      },
      "original": {
        "owner": "numtide",
        "repo": "flake-utils",
        "type": "github"
      }
    },
    "home": {
      "inputs": {
        "nixpkgs": [
          "nixos"
        ]
      },
      "locked": {
        "lastModified": 1623778055,
        "narHash": "sha256-Ff2oCuprlJ1LVvu+UZ7yy1PrKHWhLqk4ksZlDKjFFc4=",
        "owner": "nix-community",
        "repo": "home-manager",
        "rev": "9b39fd7eb4468781ac0e72c32fc5f86bc9f0f7ea",
        "type": "github"
      },
      "original": {
        "owner": "nix-community",
        "repo": "home-manager",
        "type": "github"
      }
    },
    "latest": {
      "locked": {
        "lastModified": 1623778808,
        "narHash": "sha256-m0Sk1aCE/eAgp2LgWqVnHDJS+qeJnQFnvHXrZ/xL0Vw=",
        "owner": "NixOS",
        "repo": "nixpkgs",
        "rev": "25182e079c4fb5903d791e75ac1b5b6c0dc6fb10",
        "type": "github"
      },
      "original": {
        "id": "nixpkgs",
        "type": "indirect"
      }
    },
    "naersk": {
      "inputs": {
        "nixpkgs": [
          "latest"
        ]
      },
      "locked": {
        "lastModified": 1610392286,
        "narHash": "sha256-3wFl5y+4YZO4SgRYK8WE7JIS3p0sxbgrGaQ6RMw+d98=",
        "owner": "nmattia",
        "repo": "naersk",
        "rev": "d7bfbad3304fd768c0f93a4c3b50976275e6d4be",
        "type": "github"
      },
      "original": {
        "owner": "nmattia",
        "ref": "master",
        "repo": "naersk",
        "type": "github"
      }
    },
    "naersk_2": {
      "inputs": {
        "nixpkgs": [
          "latest"
        ]
      },
      "locked": {
        "lastModified": 1623324658,
        "narHash": "sha256-TjWmZPH/xbUi7Xuj2EigB9sTOpqsiFmnv7m6+QgTDrA=",
        "owner": "nmattia",
        "repo": "naersk",
        "rev": "4f7426c362809e472d03c369d3674317c32b6863",
        "type": "github"
      },
      "original": {
        "owner": "nmattia",
        "repo": "naersk",
        "type": "github"
      }
    },
    "nixlib": {
      "locked": {
        "lastModified": 1620519687,
        "narHash": "sha256-+6Dd72b2CASuXm2W7KRxZIE7AOy/dj4mU28vaF+zxcs=",
        "owner": "divnix",
        "repo": "nixpkgs.lib",
        "rev": "c7b6169809c5f74dd0c34f3d69e9d12ba4d448de",
        "type": "github"
      },
      "original": {
        "owner": "divnix",
        "repo": "nixpkgs.lib",
        "type": "github"
      }
    },
    "nixos": {
      "locked": {
        "lastModified": 1623580589,
        "narHash": "sha256-Ayp1cjXpwFCkAiWUE46rj9APTltsiEBdIs2+cj+U7+c=",
        "owner": "NixOS",
        "repo": "nixpkgs",
        "rev": "fa0326ce5233f7d592271df52c9d0812bec47b84",
        "type": "github"
      },
      "original": {
        "id": "nixpkgs",
        "ref": "nixos-unstable",
        "type": "indirect"
      }
    },
    "nixos-hardware": {
      "locked": {
        "lastModified": 1623569835,
        "narHash": "sha256-Mg+FN1JkEQ91Zff0+ot/ndRgD9BB+uDBLN12AcBYkSA=",
        "owner": "nixos",
        "repo": "nixos-hardware",
        "rev": "7305b276c90cfd3ad0a2452101a49c0b52c784c0",
        "type": "github"
      },
      "original": {
        "owner": "nixos",
        "repo": "nixos-hardware",
        "type": "github"
      }
    },
    "nixpkgs": {
      "locked": {
        "lastModified": 1610942247,
        "narHash": "sha256-PKo1ATAlC6BmfYSRmX0TVmNoFbrec+A5OKcabGEu2yU=",
        "owner": "NixOS",
        "repo": "nixpkgs",
        "rev": "7d71001b796340b219d1bfa8552c81995017544a",
        "type": "github"
      },
      "original": {
        "owner": "NixOS",
        "ref": "nixpkgs-unstable",
        "repo": "nixpkgs",
        "type": "github"
      }
    },
    "nixpkgs_2": {
      "locked": {
        "lastModified": 1620962350,
        "narHash": "sha256-9ASW4d4/Z8HmRvuJI8rxbEOTbXTBpQ8y+CmFYBwtXzE=",
        "owner": "nixos",
        "repo": "nixpkgs",
        "rev": "5d4a430472cafada97888cc80672fab255231f57",
        "type": "github"
      },
      "original": {
        "owner": "nixos",
        "repo": "nixpkgs",
        "type": "github"
      }
    },
    "nur": {
      "locked": {
        "lastModified": 1623234780,
        "narHash": "sha256-As5y7hlXIeCAcHz0dMpoO81G/hNOdOyQ6jVqZDUqPXM=",
        "path": "/nix/store/40yd5d6n1iyr5853bg60x0sprgraav11-source",
        "rev": "e4b821f949c2676d2296afceb6e94938a1b6943f",
        "type": "path"
      },
      "original": {
        "id": "nur",
        "type": "indirect"
      }
    },
    "pkgs": {
      "inputs": {
        "nixpkgs": [
          "nixos"
        ],
        "ttyper": "ttyper"
      },
      "locked": {
        "narHash": "sha256-iDTChCUK8/3c7XOv6DQMiGMWj09NNxvGsW92GkHffTA=",
        "path": "./pkgs",
        "type": "path"
      },
      "original": {
        "path": "./pkgs",
        "type": "path"
      }
    },
    "pre-commit-hooks-nix": {
      "flake": false,
      "locked": {
        "lastModified": 1617783930,
        "narHash": "sha256-SigoU2LWM1fMggqfM9H8XEIvjOjBVQ/wj/zrn02J28c=",
        "owner": "cachix",
        "repo": "pre-commit-hooks.nix",
        "rev": "2d169bb1b23f3b71a894a66ea81f45c788943248",
        "type": "github"
      },
      "original": {
        "owner": "cachix",
        "repo": "pre-commit-hooks.nix",
        "type": "github"
      }
    },
    "root": {
      "inputs": {
        "ci-agent": "ci-agent",
        "darwin": "darwin",
        "digga": "digga",
        "home": "home",
        "latest": "latest",
        "naersk": "naersk_2",
        "nixos": "nixos",
        "nixos-hardware": "nixos-hardware",
        "nur": "nur",
        "pkgs": "pkgs"
      }
    },
    "ttyper": {
      "flake": false,
      "locked": {
        "lastModified": 1622249502,
        "narHash": "sha256-YHGTKp3XjXImMTkGjCyj5+p5KzC9dMkkLvA3FzUOatk=",
        "owner": "max-niederman",
        "repo": "ttyper",
        "rev": "db1de2c2e4ff984e320f68323c7c9408ed16c639",
        "type": "github"
      },
      "original": {
        "owner": "max-niederman",
        "ref": "v0.2.3",
        "repo": "ttyper",
        "type": "github"
      }
    },
    "utils": {
      "locked": {
        "lastModified": 1610051610,
        "narHash": "sha256-U9rPz/usA1/Aohhk7Cmc2gBrEEKRzcW4nwPWMPwja4Y=",
        "owner": "numtide",
        "repo": "flake-utils",
        "rev": "3982c9903e93927c2164caa727cd3f6a0e6d14cc",
        "type": "github"
      },
      "original": {
        "owner": "numtide",
        "repo": "flake-utils",
        "type": "github"
      }
    },
    "utils_2": {
      "inputs": {
        "flake-utils": "flake-utils"
      },
      "locked": {
        "lastModified": 1622583383,
        "narHash": "sha256-2DFx619SNfjzYwqx1ryae8zHnTh+N7VsZkbtAbrYIIA=",
        "owner": "gytis-ivaskevicius",
        "repo": "flake-utils-plus",
        "rev": "6b2ea4b02cad77fac581c6a9ec4f822ba87dce5c",
        "type": "github"
      },
      "original": {
        "owner": "gytis-ivaskevicius",
        "ref": "staging",
        "repo": "flake-utils-plus",
        "type": "github"
      }
    }
  },
  "root": "root",
  "version": 7
}
