{
  "nodes": {
    "nixpkgs": {
      "locked": {
        "lastModified": 1630591202,
        "narHash": "sha256-nRHKANIPl/WmQmXgPnrK00wtDgOkeb7kuixO5XR+rtw=",
        "owner": "NixOS",
        "repo": "nixpkgs",
        "rev": "f2b50ffadb6b5365844003cf8f861e524ff44a8a",
        "type": "github"
      },
      "original": {
        "id": "nixpkgs",
        "type": "indirect"
      }
    },
    "root": {
      "inputs": {
        "nixpkgs": "nixpkgs",
        "ttyper": "ttyper"
      }
    },
    "ttyper": {
      "flake": false,
      "locked": {
        "lastModified": 1622249502,
        "narHash": "sha256-YHGTKp3XjXImMTkGjCyj5+p5KzC9dMkkLvA3FzUOatk=",
        "owner": "max-niederman",
        "repo": "ttyper",
        "rev": "db1de2c2e4ff984e320f68323c7c9408ed16c639",
        "type": "github"
      },
      "original": {
        "owner": "max-niederman",
        "ref": "v0.2.3",
        "repo": "ttyper",
        "type": "github"
      }
    }
  },
  "root": "root",
  "version": 7
}
